
Microsoft Visual Studio Solution File, Format Version 12.00
# Visual Studio Version 17
VisualStudioVersion = 17.13.35931.197
MinimumVisualStudioVersion = 10.0.40219.1
Project("{FAE04EC0-301F-11D3-BF4B-00C04F79EFBC}") = "Shared", "Shared\Shared.csproj", "{E54CDF69-6406-4416-91C6-77B77B05075C}"
EndProject
Project("{FAE04EC0-301F-11D3-BF4B-00C04F79EFBC}") = "Basic", "Basic\Basic.csproj", "{DBF1DCD8-8FF3-4804-8806-41B91BEEBDFB}"
EndProject
Project("{FAE04EC0-301F-11D3-BF4B-00C04F79EFBC}") = "Counters", "Counters\Counters.csproj", "{96E3BEFD-64B0-424B-AF61-8F00C7D0A87F}"
EndProject
Project("{FAE04EC0-301F-11D3-BF4B-00C04F79EFBC}") = "Watch", "Watch\Watch.csproj", "{2F629CC7-CF3A-467F-B7C4-2DFB90E7A740}"
EndProject
Project("{FAE04EC0-301F-11D3-BF4B-00C04F79EFBC}") = "Lease", "Lease\Lease.csproj", "{5321E45F-6EB6-4810-A262-5899AF61BB55}"
EndProject
Project("{FAE04EC0-301F-11D3-BF4B-00C04F79EFBC}") = "CAS", "CAS\CAS.csproj", "{7129EE4D-C75B-4B83-ADFF-C520F8988D78}"
EndProject
Project("{FAE04EC0-301F-11D3-BF4B-00C04F79EFBC}") = "Bulk", "Bulk\Bulk.csproj", "{AE3B1523-70CD-4990-80E3-5572F96DAACF}"
EndProject
Project("{FAE04EC0-301F-11D3-BF4B-00C04F79EFBC}") = "LeaderElection", "LeaderElection\LeaderElection.csproj", "{9C8B6AB3-8196-4030-B6B2-C24FCC7A9896}"
EndProject
Project("{FAE04EC0-301F-11D3-BF4B-00C04F79EFBC}") = "Search", "Search\Search.csproj", "{238DAB3E-0F53-4EF4-944E-5F516DFE0E4A}"
EndProject
Project("{FAE04EC0-301F-11D3-BF4B-00C04F79EFBC}") = "RateLimiter", "RateLimiter\RateLimiter.csproj", "{6BD8B733-B881-404E-A440-037CDF8AAF94}"
EndProject
Project("{FAE04EC0-301F-11D3-BF4B-00C04F79EFBC}") = "DistributedJobQueue", "DistributedJobQueue\DistributedJobQueue.csproj", "{1AE767A0-6057-4AD5-BF6F-44F6A9628C01}"
EndProject
Project("{FAE04EC0-301F-11D3-BF4B-00C04F79EFBC}") = "Transactions", "Transactions\Transactions.csproj", "{39F44A45-8E34-497C-A378-DDC2D9667898}"
EndProject
Project("{FAE04EC0-301F-11D3-BF4B-00C04F79EFBC}") = "IDistributedCache", "IDistributedCache\IDistributedCache.csproj", "{5C3819A8-EE8D-407B-B18D-3AA572E9CDF1}"
EndProject
Project("{FAE04EC0-301F-11D3-BF4B-00C04F79EFBC}") = "HybridCache", "HybridCache\HybridCache.csproj", "{2D1E0EE5-79BD-4D9A-8781-DAC1C3A6236D}"
EndProject
Project("{FAE04EC0-301F-11D3-BF4B-00C04F79EFBC}") = "Hashes", "Hashes\Hashes.csproj", "{381A43F4-E4B0-414A-B1C9-B3F3C64AC191}"
EndProject
Project("{FAE04EC0-301F-11D3-BF4B-00C04F79EFBC}") = "Lists", "Lists\Lists.csproj", "{6FC050D7-8A7C-4341-A2FF-08FD09DC6DFA}"
EndProject
Project("{FAE04EC0-301F-11D3-BF4B-00C04F79EFBC}") = "Sets", "Sets\Sets.csproj", "{06BC5555-8677-4B37-BB7A-C8545179F03E}"
EndProject
Project("{FAE04EC0-301F-11D3-BF4B-00C04F79EFBC}") = "SortedSets", "SortedSets\SortedSets.csproj", "{78EA78F3-BEAF-49EF-A22F-9E65D166EEC1}"
EndProject
Project("{FAE04EC0-301F-11D3-BF4B-00C04F79EFBC}") = "PubSub", "PubSub\PubSub.csproj", "{173C6F3B-AB19-4214-8AE1-6FA3EE20CDD2}"
EndProject
Project("{FAE04EC0-301F-11D3-BF4B-00C04F79EFBC}") = "Streams", "Streams\Streams.csproj", "{875BA53B-63B3-4682-A048-B351AE70BE10}"
EndProject
Project("{FAE04EC0-301F-11D3-BF4B-00C04F79EFBC}") = "Locks", "Locks\Locks.csproj", "{81E6BF0F-8762-4F47-A4EB-07864EEDCEF9}"
EndProject
Project("{FAE04EC0-301F-11D3-BF4B-00C04F79EFBC}") = "Batch", "Batch\Batch.csproj", "{830034EA-B718-48EB-931A-A87D487548DA}"
EndProject
Project("{FAE04EC0-301F-11D3-BF4B-00C04F79EFBC}") = "Expiration", "Expiration\Expiration.csproj", "{09FD1DCE-1C3B-47F7-90ED-74D6C8B97077}"
EndProject
Global
	GlobalSection(SolutionConfigurationPlatforms) = preSolution
		Debug|Any CPU = Debug|Any CPU
		Debug|x64 = Debug|x64
		Debug|x86 = Debug|x86
		Release|Any CPU = Release|Any CPU
		Release|x64 = Release|x64
		Release|x86 = Release|x86
	EndGlobalSection
	GlobalSection(ProjectConfigurationPlatforms) = postSolution
		{E54CDF69-6406-4416-91C6-77B77B05075C}.Debug|Any CPU.ActiveCfg = Debug|Any CPU
		{E54CDF69-6406-4416-91C6-77B77B05075C}.Debug|Any CPU.Build.0 = Debug|Any CPU
		{E54CDF69-6406-4416-91C6-77B77B05075C}.Debug|x64.ActiveCfg = Debug|Any CPU
		{E54CDF69-6406-4416-91C6-77B77B05075C}.Debug|x64.Build.0 = Debug|Any CPU
		{E54CDF69-6406-4416-91C6-77B77B05075C}.Debug|x86.ActiveCfg = Debug|Any CPU
		{E54CDF69-6406-4416-91C6-77B77B05075C}.Debug|x86.Build.0 = Debug|Any CPU
		{E54CDF69-6406-4416-91C6-77B77B05075C}.Release|Any CPU.ActiveCfg = Release|Any CPU
		{E54CDF69-6406-4416-91C6-77B77B05075C}.Release|Any CPU.Build.0 = Release|Any CPU
		{E54CDF69-6406-4416-91C6-77B77B05075C}.Release|x64.ActiveCfg = Release|Any CPU
		{E54CDF69-6406-4416-91C6-77B77B05075C}.Release|x64.Build.0 = Release|Any CPU
		{E54CDF69-6406-4416-91C6-77B77B05075C}.Release|x86.ActiveCfg = Release|Any CPU
		{E54CDF69-6406-4416-91C6-77B77B05075C}.Release|x86.Build.0 = Release|Any CPU
		{DBF1DCD8-8FF3-4804-8806-41B91BEEBDFB}.Debug|Any CPU.ActiveCfg = Debug|Any CPU
		{DBF1DCD8-8FF3-4804-8806-41B91BEEBDFB}.Debug|Any CPU.Build.0 = Debug|Any CPU
		{DBF1DCD8-8FF3-4804-8806-41B91BEEBDFB}.Debug|x64.ActiveCfg = Debug|Any CPU
		{DBF1DCD8-8FF3-4804-8806-41B91BEEBDFB}.Debug|x64.Build.0 = Debug|Any CPU
		{DBF1DCD8-8FF3-4804-8806-41B91BEEBDFB}.Debug|x86.ActiveCfg = Debug|Any CPU
		{DBF1DCD8-8FF3-4804-8806-41B91BEEBDFB}.Debug|x86.Build.0 = Debug|Any CPU
		{DBF1DCD8-8FF3-4804-8806-41B91BEEBDFB}.Release|Any CPU.ActiveCfg = Release|Any CPU
		{DBF1DCD8-8FF3-4804-8806-41B91BEEBDFB}.Release|Any CPU.Build.0 = Release|Any CPU
		{DBF1DCD8-8FF3-4804-8806-41B91BEEBDFB}.Release|x64.ActiveCfg = Release|Any CPU
		{DBF1DCD8-8FF3-4804-8806-41B91BEEBDFB}.Release|x64.Build.0 = Release|Any CPU
		{DBF1DCD8-8FF3-4804-8806-41B91BEEBDFB}.Release|x86.ActiveCfg = Release|Any CPU
		{DBF1DCD8-8FF3-4804-8806-41B91BEEBDFB}.Release|x86.Build.0 = Release|Any CPU
		{96E3BEFD-64B0-424B-AF61-8F00C7D0A87F}.Debug|Any CPU.ActiveCfg = Debug|Any CPU
		{96E3BEFD-64B0-424B-AF61-8F00C7D0A87F}.Debug|Any CPU.Build.0 = Debug|Any CPU
		{96E3BEFD-64B0-424B-AF61-8F00C7D0A87F}.Debug|x64.ActiveCfg = Debug|Any CPU
		{96E3BEFD-64B0-424B-AF61-8F00C7D0A87F}.Debug|x64.Build.0 = Debug|Any CPU
		{96E3BEFD-64B0-424B-AF61-8F00C7D0A87F}.Debug|x86.ActiveCfg = Debug|Any CPU
		{96E3BEFD-64B0-424B-AF61-8F00C7D0A87F}.Debug|x86.Build.0 = Debug|Any CPU
		{96E3BEFD-64B0-424B-AF61-8F00C7D0A87F}.Release|Any CPU.ActiveCfg = Release|Any CPU
		{96E3BEFD-64B0-424B-AF61-8F00C7D0A87F}.Release|Any CPU.Build.0 = Release|Any CPU
		{96E3BEFD-64B0-424B-AF61-8F00C7D0A87F}.Release|x64.ActiveCfg = Release|Any CPU
		{96E3BEFD-64B0-424B-AF61-8F00C7D0A87F}.Release|x64.Build.0 = Release|Any CPU
		{96E3BEFD-64B0-424B-AF61-8F00C7D0A87F}.Release|x86.ActiveCfg = Release|Any CPU
		{96E3BEFD-64B0-424B-AF61-8F00C7D0A87F}.Release|x86.Build.0 = Release|Any CPU
		{2F629CC7-CF3A-467F-B7C4-2DFB90E7A740}.Debug|Any CPU.ActiveCfg = Debug|Any CPU
		{2F629CC7-CF3A-467F-B7C4-2DFB90E7A740}.Debug|Any CPU.Build.0 = Debug|Any CPU
		{2F629CC7-CF3A-467F-B7C4-2DFB90E7A740}.Debug|x64.ActiveCfg = Debug|Any CPU
		{2F629CC7-CF3A-467F-B7C4-2DFB90E7A740}.Debug|x64.Build.0 = Debug|Any CPU
		{2F629CC7-CF3A-467F-B7C4-2DFB90E7A740}.Debug|x86.ActiveCfg = Debug|Any CPU
		{2F629CC7-CF3A-467F-B7C4-2DFB90E7A740}.Debug|x86.Build.0 = Debug|Any CPU
		{2F629CC7-CF3A-467F-B7C4-2DFB90E7A740}.Release|Any CPU.ActiveCfg = Release|Any CPU
		{2F629CC7-CF3A-467F-B7C4-2DFB90E7A740}.Release|Any CPU.Build.0 = Release|Any CPU
		{2F629CC7-CF3A-467F-B7C4-2DFB90E7A740}.Release|x64.ActiveCfg = Release|Any CPU
		{2F629CC7-CF3A-467F-B7C4-2DFB90E7A740}.Release|x64.Build.0 = Release|Any CPU
		{2F629CC7-CF3A-467F-B7C4-2DFB90E7A740}.Release|x86.ActiveCfg = Release|Any CPU
		{2F629CC7-CF3A-467F-B7C4-2DFB90E7A740}.Release|x86.Build.0 = Release|Any CPU
		{5321E45F-6EB6-4810-A262-5899AF61BB55}.Debug|Any CPU.ActiveCfg = Debug|Any CPU
		{5321E45F-6EB6-4810-A262-5899AF61BB55}.Debug|Any CPU.Build.0 = Debug|Any CPU
		{5321E45F-6EB6-4810-A262-5899AF61BB55}.Debug|x64.ActiveCfg = Debug|Any CPU
		{5321E45F-6EB6-4810-A262-5899AF61BB55}.Debug|x64.Build.0 = Debug|Any CPU
		{5321E45F-6EB6-4810-A262-5899AF61BB55}.Debug|x86.ActiveCfg = Debug|Any CPU
		{5321E45F-6EB6-4810-A262-5899AF61BB55}.Debug|x86.Build.0 = Debug|Any CPU
		{5321E45F-6EB6-4810-A262-5899AF61BB55}.Release|Any CPU.ActiveCfg = Release|Any CPU
		{5321E45F-6EB6-4810-A262-5899AF61BB55}.Release|Any CPU.Build.0 = Release|Any CPU
		{5321E45F-6EB6-4810-A262-5899AF61BB55}.Release|x64.ActiveCfg = Release|Any CPU
		{5321E45F-6EB6-4810-A262-5899AF61BB55}.Release|x64.Build.0 = Release|Any CPU
		{5321E45F-6EB6-4810-A262-5899AF61BB55}.Release|x86.ActiveCfg = Release|Any CPU
		{5321E45F-6EB6-4810-A262-5899AF61BB55}.Release|x86.Build.0 = Release|Any CPU
		{7129EE4D-C75B-4B83-ADFF-C520F8988D78}.Debug|Any CPU.ActiveCfg = Debug|Any CPU
		{7129EE4D-C75B-4B83-ADFF-C520F8988D78}.Debug|Any CPU.Build.0 = Debug|Any CPU
		{7129EE4D-C75B-4B83-ADFF-C520F8988D78}.Debug|x64.ActiveCfg = Debug|Any CPU
		{7129EE4D-C75B-4B83-ADFF-C520F8988D78}.Debug|x64.Build.0 = Debug|Any CPU
		{7129EE4D-C75B-4B83-ADFF-C520F8988D78}.Debug|x86.ActiveCfg = Debug|Any CPU
		{7129EE4D-C75B-4B83-ADFF-C520F8988D78}.Debug|x86.Build.0 = Debug|Any CPU
		{7129EE4D-C75B-4B83-ADFF-C520F8988D78}.Release|Any CPU.ActiveCfg = Release|Any CPU
		{7129EE4D-C75B-4B83-ADFF-C520F8988D78}.Release|Any CPU.Build.0 = Release|Any CPU
		{7129EE4D-C75B-4B83-ADFF-C520F8988D78}.Release|x64.ActiveCfg = Release|Any CPU
		{7129EE4D-C75B-4B83-ADFF-C520F8988D78}.Release|x64.Build.0 = Release|Any CPU
		{7129EE4D-C75B-4B83-ADFF-C520F8988D78}.Release|x86.ActiveCfg = Release|Any CPU
		{7129EE4D-C75B-4B83-ADFF-C520F8988D78}.Release|x86.Build.0 = Release|Any CPU
		{AE3B1523-70CD-4990-80E3-5572F96DAACF}.Debug|Any CPU.ActiveCfg = Debug|Any CPU
		{AE3B1523-70CD-4990-80E3-5572F96DAACF}.Debug|Any CPU.Build.0 = Debug|Any CPU
		{AE3B1523-70CD-4990-80E3-5572F96DAACF}.Debug|x64.ActiveCfg = Debug|Any CPU
		{AE3B1523-70CD-4990-80E3-5572F96DAACF}.Debug|x64.Build.0 = Debug|Any CPU
		{AE3B1523-70CD-4990-80E3-5572F96DAACF}.Debug|x86.ActiveCfg = Debug|Any CPU
		{AE3B1523-70CD-4990-80E3-5572F96DAACF}.Debug|x86.Build.0 = Debug|Any CPU
		{AE3B1523-70CD-4990-80E3-5572F96DAACF}.Release|Any CPU.ActiveCfg = Release|Any CPU
		{AE3B1523-70CD-4990-80E3-5572F96DAACF}.Release|Any CPU.Build.0 = Release|Any CPU
		{AE3B1523-70CD-4990-80E3-5572F96DAACF}.Release|x64.ActiveCfg = Release|Any CPU
		{AE3B1523-70CD-4990-80E3-5572F96DAACF}.Release|x64.Build.0 = Release|Any CPU
		{AE3B1523-70CD-4990-80E3-5572F96DAACF}.Release|x86.ActiveCfg = Release|Any CPU
		{AE3B1523-70CD-4990-80E3-5572F96DAACF}.Release|x86.Build.0 = Release|Any CPU
		{9C8B6AB3-8196-4030-B6B2-C24FCC7A9896}.Debug|Any CPU.ActiveCfg = Debug|Any CPU
		{9C8B6AB3-8196-4030-B6B2-C24FCC7A9896}.Debug|Any CPU.Build.0 = Debug|Any CPU
		{9C8B6AB3-8196-4030-B6B2-C24FCC7A9896}.Debug|x64.ActiveCfg = Debug|Any CPU
		{9C8B6AB3-8196-4030-B6B2-C24FCC7A9896}.Debug|x64.Build.0 = Debug|Any CPU
		{9C8B6AB3-8196-4030-B6B2-C24FCC7A9896}.Debug|x86.ActiveCfg = Debug|Any CPU
		{9C8B6AB3-8196-4030-B6B2-C24FCC7A9896}.Debug|x86.Build.0 = Debug|Any CPU
		{9C8B6AB3-8196-4030-B6B2-C24FCC7A9896}.Release|Any CPU.ActiveCfg = Release|Any CPU
		{9C8B6AB3-8196-4030-B6B2-C24FCC7A9896}.Release|Any CPU.Build.0 = Release|Any CPU
		{9C8B6AB3-8196-4030-B6B2-C24FCC7A9896}.Release|x64.ActiveCfg = Release|Any CPU
		{9C8B6AB3-8196-4030-B6B2-C24FCC7A9896}.Release|x64.Build.0 = Release|Any CPU
		{9C8B6AB3-8196-4030-B6B2-C24FCC7A9896}.Release|x86.ActiveCfg = Release|Any CPU
		{9C8B6AB3-8196-4030-B6B2-C24FCC7A9896}.Release|x86.Build.0 = Release|Any CPU
		{238DAB3E-0F53-4EF4-944E-5F516DFE0E4A}.Debug|Any CPU.ActiveCfg = Debug|Any CPU
		{238DAB3E-0F53-4EF4-944E-5F516DFE0E4A}.Debug|Any CPU.Build.0 = Debug|Any CPU
		{238DAB3E-0F53-4EF4-944E-5F516DFE0E4A}.Debug|x64.ActiveCfg = Debug|Any CPU
		{238DAB3E-0F53-4EF4-944E-5F516DFE0E4A}.Debug|x64.Build.0 = Debug|Any CPU
		{238DAB3E-0F53-4EF4-944E-5F516DFE0E4A}.Debug|x86.ActiveCfg = Debug|Any CPU
		{238DAB3E-0F53-4EF4-944E-5F516DFE0E4A}.Debug|x86.Build.0 = Debug|Any CPU
		{238DAB3E-0F53-4EF4-944E-5F516DFE0E4A}.Release|Any CPU.ActiveCfg = Release|Any CPU
		{238DAB3E-0F53-4EF4-944E-5F516DFE0E4A}.Release|Any CPU.Build.0 = Release|Any CPU
		{238DAB3E-0F53-4EF4-944E-5F516DFE0E4A}.Release|x64.ActiveCfg = Release|Any CPU
		{238DAB3E-0F53-4EF4-944E-5F516DFE0E4A}.Release|x64.Build.0 = Release|Any CPU
		{238DAB3E-0F53-4EF4-944E-5F516DFE0E4A}.Release|x86.ActiveCfg = Release|Any CPU
		{238DAB3E-0F53-4EF4-944E-5F516DFE0E4A}.Release|x86.Build.0 = Release|Any CPU
		{6BD8B733-B881-404E-A440-037CDF8AAF94}.Debug|Any CPU.ActiveCfg = Debug|Any CPU
		{6BD8B733-B881-404E-A440-037CDF8AAF94}.Debug|Any CPU.Build.0 = Debug|Any CPU
		{6BD8B733-B881-404E-A440-037CDF8AAF94}.Debug|x64.ActiveCfg = Debug|Any CPU
		{6BD8B733-B881-404E-A440-037CDF8AAF94}.Debug|x64.Build.0 = Debug|Any CPU
		{6BD8B733-B881-404E-A440-037CDF8AAF94}.Debug|x86.ActiveCfg = Debug|Any CPU
		{6BD8B733-B881-404E-A440-037CDF8AAF94}.Debug|x86.Build.0 = Debug|Any CPU
		{6BD8B733-B881-404E-A440-037CDF8AAF94}.Release|Any CPU.ActiveCfg = Release|Any CPU
		{6BD8B733-B881-404E-A440-037CDF8AAF94}.Release|Any CPU.Build.0 = Release|Any CPU
		{6BD8B733-B881-404E-A440-037CDF8AAF94}.Release|x64.ActiveCfg = Release|Any CPU
		{6BD8B733-B881-404E-A440-037CDF8AAF94}.Release|x64.Build.0 = Release|Any CPU
		{6BD8B733-B881-404E-A440-037CDF8AAF94}.Release|x86.ActiveCfg = Release|Any CPU
		{6BD8B733-B881-404E-A440-037CDF8AAF94}.Release|x86.Build.0 = Release|Any CPU
		{1AE767A0-6057-4AD5-BF6F-44F6A9628C01}.Debug|Any CPU.ActiveCfg = Debug|Any CPU
		{1AE767A0-6057-4AD5-BF6F-44F6A9628C01}.Debug|Any CPU.Build.0 = Debug|Any CPU
		{1AE767A0-6057-4AD5-BF6F-44F6A9628C01}.Debug|x64.ActiveCfg = Debug|Any CPU
		{1AE767A0-6057-4AD5-BF6F-44F6A9628C01}.Debug|x64.Build.0 = Debug|Any CPU
		{1AE767A0-6057-4AD5-BF6F-44F6A9628C01}.Debug|x86.ActiveCfg = Debug|Any CPU
		{1AE767A0-6057-4AD5-BF6F-44F6A9628C01}.Debug|x86.Build.0 = Debug|Any CPU
		{1AE767A0-6057-4AD5-BF6F-44F6A9628C01}.Release|Any CPU.ActiveCfg = Release|Any CPU
		{1AE767A0-6057-4AD5-BF6F-44F6A9628C01}.Release|Any CPU.Build.0 = Release|Any CPU
		{1AE767A0-6057-4AD5-BF6F-44F6A9628C01}.Release|x64.ActiveCfg = Release|Any CPU
		{1AE767A0-6057-4AD5-BF6F-44F6A9628C01}.Release|x64.Build.0 = Release|Any CPU
		{1AE767A0-6057-4AD5-BF6F-44F6A9628C01}.Release|x86.ActiveCfg = Release|Any CPU
		{1AE767A0-6057-4AD5-BF6F-44F6A9628C01}.Release|x86.Build.0 = Release|Any CPU
		{39F44A45-8E34-497C-A378-DDC2D9667898}.Debug|Any CPU.ActiveCfg = Debug|Any CPU
		{39F44A45-8E34-497C-A378-DDC2D9667898}.Debug|Any CPU.Build.0 = Debug|Any CPU
		{39F44A45-8E34-497C-A378-DDC2D9667898}.Debug|x64.ActiveCfg = Debug|Any CPU
		{39F44A45-8E34-497C-A378-DDC2D9667898}.Debug|x64.Build.0 = Debug|Any CPU
		{39F44A45-8E34-497C-A378-DDC2D9667898}.Debug|x86.ActiveCfg = Debug|Any CPU
		{39F44A45-8E34-497C-A378-DDC2D9667898}.Debug|x86.Build.0 = Debug|Any CPU
		{39F44A45-8E34-497C-A378-DDC2D9667898}.Release|Any CPU.ActiveCfg = Release|Any CPU
		{39F44A45-8E34-497C-A378-DDC2D9667898}.Release|Any CPU.Build.0 = Release|Any CPU
		{39F44A45-8E34-497C-A378-DDC2D9667898}.Release|x64.ActiveCfg = Release|Any CPU
		{39F44A45-8E34-497C-A378-DDC2D9667898}.Release|x64.Build.0 = Release|Any CPU
		{39F44A45-8E34-497C-A378-DDC2D9667898}.Release|x86.ActiveCfg = Release|Any CPU
		{39F44A45-8E34-497C-A378-DDC2D9667898}.Release|x86.Build.0 = Release|Any CPU
		{5C3819A8-EE8D-407B-B18D-3AA572E9CDF1}.Debug|Any CPU.ActiveCfg = Debug|Any CPU
		{5C3819A8-EE8D-407B-B18D-3AA572E9CDF1}.Debug|Any CPU.Build.0 = Debug|Any CPU
		{5C3819A8-EE8D-407B-B18D-3AA572E9CDF1}.Debug|x64.ActiveCfg = Debug|Any CPU
		{5C3819A8-EE8D-407B-B18D-3AA572E9CDF1}.Debug|x64.Build.0 = Debug|Any CPU
		{5C3819A8-EE8D-407B-B18D-3AA572E9CDF1}.Debug|x86.ActiveCfg = Debug|Any CPU
		{5C3819A8-EE8D-407B-B18D-3AA572E9CDF1}.Debug|x86.Build.0 = Debug|Any CPU
		{5C3819A8-EE8D-407B-B18D-3AA572E9CDF1}.Release|Any CPU.ActiveCfg = Release|Any CPU
		{5C3819A8-EE8D-407B-B18D-3AA572E9CDF1}.Release|Any CPU.Build.0 = Release|Any CPU
		{5C3819A8-EE8D-407B-B18D-3AA572E9CDF1}.Release|x64.ActiveCfg = Release|Any CPU
		{5C3819A8-EE8D-407B-B18D-3AA572E9CDF1}.Release|x64.Build.0 = Release|Any CPU
		{5C3819A8-EE8D-407B-B18D-3AA572E9CDF1}.Release|x86.ActiveCfg = Release|Any CPU
		{5C3819A8-EE8D-407B-B18D-3AA572E9CDF1}.Release|x86.Build.0 = Release|Any CPU
		{2D1E0EE5-79BD-4D9A-8781-DAC1C3A6236D}.Debug|Any CPU.ActiveCfg = Debug|Any CPU
		{2D1E0EE5-79BD-4D9A-8781-DAC1C3A6236D}.Debug|Any CPU.Build.0 = Debug|Any CPU
		{2D1E0EE5-79BD-4D9A-8781-DAC1C3A6236D}.Debug|x64.ActiveCfg = Debug|Any CPU
		{2D1E0EE5-79BD-4D9A-8781-DAC1C3A6236D}.Debug|x64.Build.0 = Debug|Any CPU
		{2D1E0EE5-79BD-4D9A-8781-DAC1C3A6236D}.Debug|x86.ActiveCfg = Debug|Any CPU
		{2D1E0EE5-79BD-4D9A-8781-DAC1C3A6236D}.Debug|x86.Build.0 = Debug|Any CPU
		{2D1E0EE5-79BD-4D9A-8781-DAC1C3A6236D}.Release|Any CPU.ActiveCfg = Release|Any CPU
		{2D1E0EE5-79BD-4D9A-8781-DAC1C3A6236D}.Release|Any CPU.Build.0 = Release|Any CPU
		{2D1E0EE5-79BD-4D9A-8781-DAC1C3A6236D}.Release|x64.ActiveCfg = Release|Any CPU
		{2D1E0EE5-79BD-4D9A-8781-DAC1C3A6236D}.Release|x64.Build.0 = Release|Any CPU
		{2D1E0EE5-79BD-4D9A-8781-DAC1C3A6236D}.Release|x86.ActiveCfg = Release|Any CPU
		{2D1E0EE5-79BD-4D9A-8781-DAC1C3A6236D}.Release|x86.Build.0 = Release|Any CPU
		{381A43F4-E4B0-414A-B1C9-B3F3C64AC191}.Debug|Any CPU.ActiveCfg = Debug|Any CPU
		{381A43F4-E4B0-414A-B1C9-B3F3C64AC191}.Debug|Any CPU.Build.0 = Debug|Any CPU
		{381A43F4-E4B0-414A-B1C9-B3F3C64AC191}.Debug|x64.ActiveCfg = Debug|Any CPU
		{381A43F4-E4B0-414A-B1C9-B3F3C64AC191}.Debug|x64.Build.0 = Debug|Any CPU
		{381A43F4-E4B0-414A-B1C9-B3F3C64AC191}.Debug|x86.ActiveCfg = Debug|Any CPU
		{381A43F4-E4B0-414A-B1C9-B3F3C64AC191}.Debug|x86.Build.0 = Debug|Any CPU
		{381A43F4-E4B0-414A-B1C9-B3F3C64AC191}.Release|Any CPU.ActiveCfg = Release|Any CPU
		{381A43F4-E4B0-414A-B1C9-B3F3C64AC191}.Release|Any CPU.Build.0 = Release|Any CPU
		{381A43F4-E4B0-414A-B1C9-B3F3C64AC191}.Release|x64.ActiveCfg = Release|Any CPU
		{381A43F4-E4B0-414A-B1C9-B3F3C64AC191}.Release|x64.Build.0 = Release|Any CPU
		{381A43F4-E4B0-414A-B1C9-B3F3C64AC191}.Release|x86.ActiveCfg = Release|Any CPU
		{381A43F4-E4B0-414A-B1C9-B3F3C64AC191}.Release|x86.Build.0 = Release|Any CPU
		{6FC050D7-8A7C-4341-A2FF-08FD09DC6DFA}.Debug|Any CPU.ActiveCfg = Debug|Any CPU
		{6FC050D7-8A7C-4341-A2FF-08FD09DC6DFA}.Debug|Any CPU.Build.0 = Debug|Any CPU
		{6FC050D7-8A7C-4341-A2FF-08FD09DC6DFA}.Debug|x64.ActiveCfg = Debug|Any CPU
		{6FC050D7-8A7C-4341-A2FF-08FD09DC6DFA}.Debug|x64.Build.0 = Debug|Any CPU
		{6FC050D7-8A7C-4341-A2FF-08FD09DC6DFA}.Debug|x86.ActiveCfg = Debug|Any CPU
		{6FC050D7-8A7C-4341-A2FF-08FD09DC6DFA}.Debug|x86.Build.0 = Debug|Any CPU
		{6FC050D7-8A7C-4341-A2FF-08FD09DC6DFA}.Release|Any CPU.ActiveCfg = Release|Any CPU
		{6FC050D7-8A7C-4341-A2FF-08FD09DC6DFA}.Release|Any CPU.Build.0 = Release|Any CPU
		{6FC050D7-8A7C-4341-A2FF-08FD09DC6DFA}.Release|x64.ActiveCfg = Release|Any CPU
		{6FC050D7-8A7C-4341-A2FF-08FD09DC6DFA}.Release|x64.Build.0 = Release|Any CPU
		{6FC050D7-8A7C-4341-A2FF-08FD09DC6DFA}.Release|x86.ActiveCfg = Release|Any CPU
		{6FC050D7-8A7C-4341-A2FF-08FD09DC6DFA}.Release|x86.Build.0 = Release|Any CPU
		{06BC5555-8677-4B37-BB7A-C8545179F03E}.Debug|Any CPU.ActiveCfg = Debug|Any CPU
		{06BC5555-8677-4B37-BB7A-C8545179F03E}.Debug|Any CPU.Build.0 = Debug|Any CPU
		{06BC5555-8677-4B37-BB7A-C8545179F03E}.Debug|x64.ActiveCfg = Debug|Any CPU
		{06BC5555-8677-4B37-BB7A-C8545179F03E}.Debug|x64.Build.0 = Debug|Any CPU
		{06BC5555-8677-4B37-BB7A-C8545179F03E}.Debug|x86.ActiveCfg = Debug|Any CPU
		{06BC5555-8677-4B37-BB7A-C8545179F03E}.Debug|x86.Build.0 = Debug|Any CPU
		{06BC5555-8677-4B37-BB7A-C8545179F03E}.Release|Any CPU.ActiveCfg = Release|Any CPU
		{06BC5555-8677-4B37-BB7A-C8545179F03E}.Release|Any CPU.Build.0 = Release|Any CPU
		{06BC5555-8677-4B37-BB7A-C8545179F03E}.Release|x64.ActiveCfg = Release|Any CPU
		{06BC5555-8677-4B37-BB7A-C8545179F03E}.Release|x64.Build.0 = Release|Any CPU
		{06BC5555-8677-4B37-BB7A-C8545179F03E}.Release|x86.ActiveCfg = Release|Any CPU
		{06BC5555-8677-4B37-BB7A-C8545179F03E}.Release|x86.Build.0 = Release|Any CPU
		{78EA78F3-BEAF-49EF-A22F-9E65D166EEC1}.Debug|Any CPU.ActiveCfg = Debug|Any CPU
		{78EA78F3-BEAF-49EF-A22F-9E65D166EEC1}.Debug|Any CPU.Build.0 = Debug|Any CPU
		{78EA78F3-BEAF-49EF-A22F-9E65D166EEC1}.Debug|x64.ActiveCfg = Debug|Any CPU
		{78EA78F3-BEAF-49EF-A22F-9E65D166EEC1}.Debug|x64.Build.0 = Debug|Any CPU
		{78EA78F3-BEAF-49EF-A22F-9E65D166EEC1}.Debug|x86.ActiveCfg = Debug|Any CPU
		{78EA78F3-BEAF-49EF-A22F-9E65D166EEC1}.Debug|x86.Build.0 = Debug|Any CPU
		{78EA78F3-BEAF-49EF-A22F-9E65D166EEC1}.Release|Any CPU.ActiveCfg = Release|Any CPU
		{78EA78F3-BEAF-49EF-A22F-9E65D166EEC1}.Release|Any CPU.Build.0 = Release|Any CPU
		{78EA78F3-BEAF-49EF-A22F-9E65D166EEC1}.Release|x64.ActiveCfg = Release|Any CPU
		{78EA78F3-BEAF-49EF-A22F-9E65D166EEC1}.Release|x64.Build.0 = Release|Any CPU
		{78EA78F3-BEAF-49EF-A22F-9E65D166EEC1}.Release|x86.ActiveCfg = Release|Any CPU
		{78EA78F3-BEAF-49EF-A22F-9E65D166EEC1}.Release|x86.Build.0 = Release|Any CPU
		{173C6F3B-AB19-4214-8AE1-6FA3EE20CDD2}.Debug|Any CPU.ActiveCfg = Debug|Any CPU
		{173C6F3B-AB19-4214-8AE1-6FA3EE20CDD2}.Debug|Any CPU.Build.0 = Debug|Any CPU
		{173C6F3B-AB19-4214-8AE1-6FA3EE20CDD2}.Debug|x64.ActiveCfg = Debug|Any CPU
		{173C6F3B-AB19-4214-8AE1-6FA3EE20CDD2}.Debug|x64.Build.0 = Debug|Any CPU
		{173C6F3B-AB19-4214-8AE1-6FA3EE20CDD2}.Debug|x86.ActiveCfg = Debug|Any CPU
		{173C6F3B-AB19-4214-8AE1-6FA3EE20CDD2}.Debug|x86.Build.0 = Debug|Any CPU
		{173C6F3B-AB19-4214-8AE1-6FA3EE20CDD2}.Release|Any CPU.ActiveCfg = Release|Any CPU
		{173C6F3B-AB19-4214-8AE1-6FA3EE20CDD2}.Release|Any CPU.Build.0 = Release|Any CPU
		{173C6F3B-AB19-4214-8AE1-6FA3EE20CDD2}.Release|x64.ActiveCfg = Release|Any CPU
		{173C6F3B-AB19-4214-8AE1-6FA3EE20CDD2}.Release|x64.Build.0 = Release|Any CPU
		{173C6F3B-AB19-4214-8AE1-6FA3EE20CDD2}.Release|x86.ActiveCfg = Release|Any CPU
		{173C6F3B-AB19-4214-8AE1-6FA3EE20CDD2}.Release|x86.Build.0 = Release|Any CPU
		{875BA53B-63B3-4682-A048-B351AE70BE10}.Debug|Any CPU.ActiveCfg = Debug|Any CPU
		{875BA53B-63B3-4682-A048-B351AE70BE10}.Debug|Any CPU.Build.0 = Debug|Any CPU
		{875BA53B-63B3-4682-A048-B351AE70BE10}.Debug|x64.ActiveCfg = Debug|Any CPU
		{875BA53B-63B3-4682-A048-B351AE70BE10}.Debug|x64.Build.0 = Debug|Any CPU
		{875BA53B-63B3-4682-A048-B351AE70BE10}.Debug|x86.ActiveCfg = Debug|Any CPU
		{875BA53B-63B3-4682-A048-B351AE70BE10}.Debug|x86.Build.0 = Debug|Any CPU
		{875BA53B-63B3-4682-A048-B351AE70BE10}.Release|Any CPU.ActiveCfg = Release|Any CPU
		{875BA53B-63B3-4682-A048-B351AE70BE10}.Release|Any CPU.Build.0 = Release|Any CPU
		{875BA53B-63B3-4682-A048-B351AE70BE10}.Release|x64.ActiveCfg = Release|Any CPU
		{875BA53B-63B3-4682-A048-B351AE70BE10}.Release|x64.Build.0 = Release|Any CPU
		{875BA53B-63B3-4682-A048-B351AE70BE10}.Release|x86.ActiveCfg = Release|Any CPU
		{875BA53B-63B3-4682-A048-B351AE70BE10}.Release|x86.Build.0 = Release|Any CPU
		{81E6BF0F-8762-4F47-A4EB-07864EEDCEF9}.Debug|Any CPU.ActiveCfg = Debug|Any CPU
		{81E6BF0F-8762-4F47-A4EB-07864EEDCEF9}.Debug|Any CPU.Build.0 = Debug|Any CPU
		{81E6BF0F-8762-4F47-A4EB-07864EEDCEF9}.Debug|x64.ActiveCfg = Debug|Any CPU
		{81E6BF0F-8762-4F47-A4EB-07864EEDCEF9}.Debug|x64.Build.0 = Debug|Any CPU
		{81E6BF0F-8762-4F47-A4EB-07864EEDCEF9}.Debug|x86.ActiveCfg = Debug|Any CPU
		{81E6BF0F-8762-4F47-A4EB-07864EEDCEF9}.Debug|x86.Build.0 = Debug|Any CPU
		{81E6BF0F-8762-4F47-A4EB-07864EEDCEF9}.Release|Any CPU.ActiveCfg = Release|Any CPU
		{81E6BF0F-8762-4F47-A4EB-07864EEDCEF9}.Release|Any CPU.Build.0 = Release|Any CPU
		{81E6BF0F-8762-4F47-A4EB-07864EEDCEF9}.Release|x64.ActiveCfg = Release|Any CPU
		{81E6BF0F-8762-4F47-A4EB-07864EEDCEF9}.Release|x64.Build.0 = Release|Any CPU
		{81E6BF0F-8762-4F47-A4EB-07864EEDCEF9}.Release|x86.ActiveCfg = Release|Any CPU
		{81E6BF0F-8762-4F47-A4EB-07864EEDCEF9}.Release|x86.Build.0 = Release|Any CPU
		{830034EA-B718-48EB-931A-A87D487548DA}.Debug|Any CPU.ActiveCfg = Debug|Any CPU
		{830034EA-B718-48EB-931A-A87D487548DA}.Debug|Any CPU.Build.0 = Debug|Any CPU
		{830034EA-B718-48EB-931A-A87D487548DA}.Debug|x64.ActiveCfg = Debug|Any CPU
		{830034EA-B718-48EB-931A-A87D487548DA}.Debug|x64.Build.0 = Debug|Any CPU
		{830034EA-B718-48EB-931A-A87D487548DA}.Debug|x86.ActiveCfg = Debug|Any CPU
		{830034EA-B718-48EB-931A-A87D487548DA}.Debug|x86.Build.0 = Debug|Any CPU
		{830034EA-B718-48EB-931A-A87D487548DA}.Release|Any CPU.ActiveCfg = Release|Any CPU
		{830034EA-B718-48EB-931A-A87D487548DA}.Release|Any CPU.Build.0 = Release|Any CPU
		{830034EA-B718-48EB-931A-A87D487548DA}.Release|x64.ActiveCfg = Release|Any CPU
		{830034EA-B718-48EB-931A-A87D487548DA}.Release|x64.Build.0 = Release|Any CPU
		{830034EA-B718-48EB-931A-A87D487548DA}.Release|x86.ActiveCfg = Release|Any CPU
		{830034EA-B718-48EB-931A-A87D487548DA}.Release|x86.Build.0 = Release|Any CPU
		{09FD1DCE-1C3B-47F7-90ED-74D6C8B97077}.Debug|Any CPU.ActiveCfg = Debug|Any CPU
		{09FD1DCE-1C3B-47F7-90ED-74D6C8B97077}.Debug|Any CPU.Build.0 = Debug|Any CPU
		{09FD1DCE-1C3B-47F7-90ED-74D6C8B97077}.Debug|x64.ActiveCfg = Debug|Any CPU
		{09FD1DCE-1C3B-47F7-90ED-74D6C8B97077}.Debug|x64.Build.0 = Debug|Any CPU
		{09FD1DCE-1C3B-47F7-90ED-74D6C8B97077}.Debug|x86.ActiveCfg = Debug|Any CPU
		{09FD1DCE-1C3B-47F7-90ED-74D6C8B97077}.Debug|x86.Build.0 = Debug|Any CPU
		{09FD1DCE-1C3B-47F7-90ED-74D6C8B97077}.Release|Any CPU.ActiveCfg = Release|Any CPU
		{09FD1DCE-1C3B-47F7-90ED-74D6C8B97077}.Release|Any CPU.Build.0 = Release|Any CPU
		{09FD1DCE-1C3B-47F7-90ED-74D6C8B97077}.Release|x64.ActiveCfg = Release|Any CPU
		{09FD1DCE-1C3B-47F7-90ED-74D6C8B97077}.Release|x64.Build.0 = Release|Any CPU
		{09FD1DCE-1C3B-47F7-90ED-74D6C8B97077}.Release|x86.ActiveCfg = Release|Any CPU
		{09FD1DCE-1C3B-47F7-90ED-74D6C8B97077}.Release|x86.Build.0 = Release|Any CPU
	EndGlobalSection
	GlobalSection(SolutionProperties) = preSolution
		HideSolutionNode = FALSE
	EndGlobalSection
	GlobalSection(ExtensibilityGlobals) = postSolution
		SolutionGuid = {38FE643D-51AE-4DC5-AC71-A9D361F538CC}
	EndGlobalSection
EndGlobal
